
Microsoft Visual Studio Solution File, Format Version 12.00
Project("{FAE04EC0-301F-11D3-BF4B-00C04F79EFBC}") = "AmongUsSkinPack", "AmongUsSkinPack.csproj", "{658D2C11-AE18-452B-AB3D-D78D5A50A26D}"
EndProject
Global
	GlobalSection(SolutionConfigurationPlatforms) = preSolution
		Debug|Any CPU = Debug|Any CPU
		Release|Any CPU = Release|Any CPU
	EndGlobalSection
	GlobalSection(ProjectConfigurationPlatforms) = postSolution
		{658D2C11-AE18-452B-AB3D-D78D5A50A26D}.Debug|Any CPU.ActiveCfg = Debug|Any CPU
		{658D2C11-AE18-452B-AB3D-D78D5A50A26D}.Debug|Any CPU.Build.0 = Debug|Any CPU
		{658D2C11-AE18-452B-AB3D-D78D5A50A26D}.Release|Any CPU.ActiveCfg = Release|Any CPU
		{658D2C11-AE18-452B-AB3D-D78D5A50A26D}.Release|Any CPU.Build.0 = Release|Any CPU
	EndGlobalSection
EndGlobal
